
Microsoft Visual Studio Solution File, Format Version 12.00
# Visual Studio Version 17
VisualStudioVersion = 17.1.32319.34
MinimumVisualStudioVersion = 10.0.40219.1
Project("{9A19103F-16F7-4668-BE54-9A1E7A4F7556}") = "DataAccess", "DataAccess\DataAccess.csproj", "{7B7515B2-717B-4998-AE4E-F03E661B736D}"
EndProject
Project("{9A19103F-16F7-4668-BE54-9A1E7A4F7556}") = "Business", "Business\Business.csproj", "{475B8E65-200E-49DE-8F27-76469733D273}"
EndProject
Project("{9A19103F-16F7-4668-BE54-9A1E7A4F7556}") = "ConsoleIU", "ConsoleIU\ConsoleIU.csproj", "{787E1D4B-AC9D-4155-A601-FF9C2DC66DA0}"
EndProject
Project("{9A19103F-16F7-4668-BE54-9A1E7A4F7556}") = "Entities", "Entities\Entities.csproj", "{FCFA4023-8D69-4293-8440-9133B99EA7AC}"
EndProject
Project("{FAE04EC0-301F-11D3-BF4B-00C04F79EFBC}") = "Core", "Core\Core.csproj", "{498F4D56-09CA-4993-A971-C6886AB99B7A}"
EndProject
Global
	GlobalSection(SolutionConfigurationPlatforms) = preSolution
		Debug|Any CPU = Debug|Any CPU
		Release|Any CPU = Release|Any CPU
	EndGlobalSection
	GlobalSection(ProjectConfigurationPlatforms) = postSolution
		{7B7515B2-717B-4998-AE4E-F03E661B736D}.Debug|Any CPU.ActiveCfg = Debug|Any CPU
		{7B7515B2-717B-4998-AE4E-F03E661B736D}.Debug|Any CPU.Build.0 = Debug|Any CPU
		{7B7515B2-717B-4998-AE4E-F03E661B736D}.Release|Any CPU.ActiveCfg = Release|Any CPU
		{7B7515B2-717B-4998-AE4E-F03E661B736D}.Release|Any CPU.Build.0 = Release|Any CPU
		{475B8E65-200E-49DE-8F27-76469733D273}.Debug|Any CPU.ActiveCfg = Debug|Any CPU
		{475B8E65-200E-49DE-8F27-76469733D273}.Debug|Any CPU.Build.0 = Debug|Any CPU
		{475B8E65-200E-49DE-8F27-76469733D273}.Release|Any CPU.ActiveCfg = Release|Any CPU
		{475B8E65-200E-49DE-8F27-76469733D273}.Release|Any CPU.Build.0 = Release|Any CPU
		{787E1D4B-AC9D-4155-A601-FF9C2DC66DA0}.Debug|Any CPU.ActiveCfg = Debug|Any CPU
		{787E1D4B-AC9D-4155-A601-FF9C2DC66DA0}.Debug|Any CPU.Build.0 = Debug|Any CPU
		{787E1D4B-AC9D-4155-A601-FF9C2DC66DA0}.Release|Any CPU.ActiveCfg = Release|Any CPU
		{787E1D4B-AC9D-4155-A601-FF9C2DC66DA0}.Release|Any CPU.Build.0 = Release|Any CPU
		{FCFA4023-8D69-4293-8440-9133B99EA7AC}.Debug|Any CPU.ActiveCfg = Debug|Any CPU
		{FCFA4023-8D69-4293-8440-9133B99EA7AC}.Debug|Any CPU.Build.0 = Debug|Any CPU
		{FCFA4023-8D69-4293-8440-9133B99EA7AC}.Release|Any CPU.ActiveCfg = Release|Any CPU
		{FCFA4023-8D69-4293-8440-9133B99EA7AC}.Release|Any CPU.Build.0 = Release|Any CPU
		{498F4D56-09CA-4993-A971-C6886AB99B7A}.Debug|Any CPU.ActiveCfg = Debug|Any CPU
		{498F4D56-09CA-4993-A971-C6886AB99B7A}.Debug|Any CPU.Build.0 = Debug|Any CPU
		{498F4D56-09CA-4993-A971-C6886AB99B7A}.Release|Any CPU.ActiveCfg = Release|Any CPU
		{498F4D56-09CA-4993-A971-C6886AB99B7A}.Release|Any CPU.Build.0 = Release|Any CPU
	EndGlobalSection
	GlobalSection(SolutionProperties) = preSolution
		HideSolutionNode = FALSE
	EndGlobalSection
	GlobalSection(ExtensibilityGlobals) = postSolution
		SolutionGuid = {FF747EF4-C48E-4D49-A581-EEBE8255E98C}
	EndGlobalSection
EndGlobal
